
Microsoft Visual Studio Solution File, Format Version 12.00
# Visual Studio Version 17
VisualStudioVersion = 17.5.33516.290
MinimumVisualStudioVersion = 10.0.40219.1
Project("{FAE04EC0-301F-11D3-BF4B-00C04F79EFBC}") = "UDP_Server_Test", "UDP_Server_Test.csproj", "{B42D233A-5409-401F-9BFD-78BC3355E205}"
EndProject
Global
	GlobalSection(SolutionConfigurationPlatforms) = preSolution
		Debug|Any CPU = Debug|Any CPU
		Release|Any CPU = Release|Any CPU
	EndGlobalSection
	GlobalSection(ProjectConfigurationPlatforms) = postSolution
		{B42D233A-5409-401F-9BFD-78BC3355E205}.Debug|Any CPU.ActiveCfg = Debug|Any CPU
		{B42D233A-5409-401F-9BFD-78BC3355E205}.Debug|Any CPU.Build.0 = Debug|Any CPU
		{B42D233A-5409-401F-9BFD-78BC3355E205}.Release|Any CPU.ActiveCfg = Release|Any CPU
		{B42D233A-5409-401F-9BFD-78BC3355E205}.Release|Any CPU.Build.0 = Release|Any CPU
	EndGlobalSection
	GlobalSection(SolutionProperties) = preSolution
		HideSolutionNode = FALSE
	EndGlobalSection
	GlobalSection(ExtensibilityGlobals) = postSolution
		SolutionGuid = {073524D8-4938-4C2A-AA1F-8AA3CF35B899}
	EndGlobalSection
EndGlobal
