
Microsoft Visual Studio Solution File, Format Version 12.00
# Visual Studio Version 17
VisualStudioVersion = 17.5.33516.290
MinimumVisualStudioVersion = 10.0.40219.1
Project("{FAE04EC0-301F-11D3-BF4B-00C04F79EFBC}") = "POC_Dahua_UDP", "POC_Dahua_UDP.csproj", "{C4C4EBF3-BE3D-4A7D-AE65-419A0F9E2146}"
EndProject
Global
	GlobalSection(SolutionConfigurationPlatforms) = preSolution
		Debug|Any CPU = Debug|Any CPU
		Release|Any CPU = Release|Any CPU
	EndGlobalSection
	GlobalSection(ProjectConfigurationPlatforms) = postSolution
		{C4C4EBF3-BE3D-4A7D-AE65-419A0F9E2146}.Debug|Any CPU.ActiveCfg = Debug|Any CPU
		{C4C4EBF3-BE3D-4A7D-AE65-419A0F9E2146}.Debug|Any CPU.Build.0 = Debug|Any CPU
		{C4C4EBF3-BE3D-4A7D-AE65-419A0F9E2146}.Release|Any CPU.ActiveCfg = Release|Any CPU
		{C4C4EBF3-BE3D-4A7D-AE65-419A0F9E2146}.Release|Any CPU.Build.0 = Release|Any CPU
	EndGlobalSection
	GlobalSection(SolutionProperties) = preSolution
		HideSolutionNode = FALSE
	EndGlobalSection
	GlobalSection(ExtensibilityGlobals) = postSolution
		SolutionGuid = {551F158F-193E-4383-B2DE-236FF1FB96B6}
	EndGlobalSection
EndGlobal
