
Microsoft Visual Studio Solution File, Format Version 12.00
# Visual Studio Version 17
VisualStudioVersion = 17.10.35013.160
MinimumVisualStudioVersion = 10.0.40219.1
Project("{FAE04EC0-301F-11D3-BF4B-00C04F79EFBC}") = "SimPgmDataprom", "SimPgmDataprom.csproj", "{80C21FB7-CAC2-4E3D-88E6-E2846F99EAC4}"
EndProject
Project("{FAE04EC0-301F-11D3-BF4B-00C04F79EFBC}") = "ConsoleECDH_P256_Serial", "..\ConsoleECDH_P256_SERIAL\ConsoleECDH_P256_Serial.csproj", "{BDDD0C19-0E67-4FDF-871C-F551C6B81B9A}"
EndProject
Global
	GlobalSection(SolutionConfigurationPlatforms) = preSolution
		Debug|Any CPU = Debug|Any CPU
		Release|Any CPU = Release|Any CPU
	EndGlobalSection
	GlobalSection(ProjectConfigurationPlatforms) = postSolution
		{80C21FB7-CAC2-4E3D-88E6-E2846F99EAC4}.Debug|Any CPU.ActiveCfg = Debug|Any CPU
		{80C21FB7-CAC2-4E3D-88E6-E2846F99EAC4}.Debug|Any CPU.Build.0 = Debug|Any CPU
		{80C21FB7-CAC2-4E3D-88E6-E2846F99EAC4}.Release|Any CPU.ActiveCfg = Release|Any CPU
		{80C21FB7-CAC2-4E3D-88E6-E2846F99EAC4}.Release|Any CPU.Build.0 = Release|Any CPU
		{BDDD0C19-0E67-4FDF-871C-F551C6B81B9A}.Debug|Any CPU.ActiveCfg = Debug|Any CPU
		{BDDD0C19-0E67-4FDF-871C-F551C6B81B9A}.Debug|Any CPU.Build.0 = Debug|Any CPU
		{BDDD0C19-0E67-4FDF-871C-F551C6B81B9A}.Release|Any CPU.ActiveCfg = Release|Any CPU
		{BDDD0C19-0E67-4FDF-871C-F551C6B81B9A}.Release|Any CPU.Build.0 = Release|Any CPU
	EndGlobalSection
	GlobalSection(SolutionProperties) = preSolution
		HideSolutionNode = FALSE
	EndGlobalSection
	GlobalSection(ExtensibilityGlobals) = postSolution
		SolutionGuid = {40DC831B-152C-4C04-BA6E-595C8DEBAC6E}
	EndGlobalSection
EndGlobal
