
Microsoft Visual Studio Solution File, Format Version 12.00
# Visual Studio Version 17
VisualStudioVersion = 17.11.35312.102
MinimumVisualStudioVersion = 10.0.40219.1
Project("{FAE04EC0-301F-11D3-BF4B-00C04F79EFBC}") = "ConsoleECDH_P256_Serial", "ConsoleECDH_P256_Serial.csproj", "{BDDD0C19-0E67-4FDF-871C-F551C6B81B9A}"
EndProject
Global
	GlobalSection(SolutionConfigurationPlatforms) = preSolution
		Debug|Any CPU = Debug|Any CPU
		Release|Any CPU = Release|Any CPU
	EndGlobalSection
	GlobalSection(ProjectConfigurationPlatforms) = postSolution
		{BDDD0C19-0E67-4FDF-871C-F551C6B81B9A}.Debug|Any CPU.ActiveCfg = Debug|Any CPU
		{BDDD0C19-0E67-4FDF-871C-F551C6B81B9A}.Debug|Any CPU.Build.0 = Debug|Any CPU
		{BDDD0C19-0E67-4FDF-871C-F551C6B81B9A}.Release|Any CPU.ActiveCfg = Release|Any CPU
		{BDDD0C19-0E67-4FDF-871C-F551C6B81B9A}.Release|Any CPU.Build.0 = Release|Any CPU
	EndGlobalSection
	GlobalSection(SolutionProperties) = preSolution
		HideSolutionNode = FALSE
	EndGlobalSection
	GlobalSection(ExtensibilityGlobals) = postSolution
		SolutionGuid = {6E7B0638-B5F5-46E2-8CB8-473EAB571DF6}
	EndGlobalSection
EndGlobal
